
Microsoft Visual Studio Solution File, Format Version 12.00
# Visual Studio Version 16
VisualStudioVersion = 16.0.31702.278
MinimumVisualStudioVersion = 10.0.40219.1
Project("{FAE04EC0-301F-11D3-BF4B-00C04F79EFBC}") = "01.Ages", "01.Ages\01.Ages.csproj", "{B47DA7D4-5482-4948-BD13-2D3E55B96E11}"
EndProject
Project("{FAE04EC0-301F-11D3-BF4B-00C04F79EFBC}") = "02.Division", "02.Division\02.Division.csproj", "{B510914B-A0AF-4C01-9699-C2F9B841FA17}"
EndProject
Project("{FAE04EC0-301F-11D3-BF4B-00C04F79EFBC}") = "03.Vacation", "03.Vacation\03.Vacation.csproj", "{043228F5-70F6-447B-B486-3A02AA0F0FF2}"
EndProject
Project("{FAE04EC0-301F-11D3-BF4B-00C04F79EFBC}") = "04.PrintAndSum", "04.PrintAndSum\04.PrintAndSum.csproj", "{35E446C6-9F37-415D-9B06-ECA5186ACAFE}"
EndProject
Project("{FAE04EC0-301F-11D3-BF4B-00C04F79EFBC}") = "05.Login", "05.Login\05.Login.csproj", "{705733E7-A1C8-4A65-9830-62100D302CE3}"
EndProject
Project("{FAE04EC0-301F-11D3-BF4B-00C04F79EFBC}") = "06.StrongNumber", "06.StrongNumber\06.StrongNumber.csproj", "{AC0369F3-65E7-4010-B9F6-261574D204F2}"
EndProject
Project("{FAE04EC0-301F-11D3-BF4B-00C04F79EFBC}") = "07.VendingMachine", "07.VendingMachine\07.VendingMachine.csproj", "{1ECF9E1F-B59F-43E4-B02B-3F6514445C9A}"
EndProject
Project("{FAE04EC0-301F-11D3-BF4B-00C04F79EFBC}") = "08.TriangleOfNumbers", "08.TriangleOfNumbers\08.TriangleOfNumbers.csproj", "{738C74C2-D753-4AD5-83C9-494DB0DDC0F2}"
EndProject
Project("{FAE04EC0-301F-11D3-BF4B-00C04F79EFBC}") = "09.PadawanEquipment", "09.PadawanEquipment\09.PadawanEquipment.csproj", "{1F1475C5-2EEF-4424-9E99-18568D05AB1B}"
EndProject
Project("{FAE04EC0-301F-11D3-BF4B-00C04F79EFBC}") = "10.RageExpenses", "10.RageExpenses\10.RageExpenses.csproj", "{3391E441-F7B8-4B48-8D78-6B0B533BFB27}"
EndProject
Global
	GlobalSection(SolutionConfigurationPlatforms) = preSolution
		Debug|Any CPU = Debug|Any CPU
		Release|Any CPU = Release|Any CPU
	EndGlobalSection
	GlobalSection(ProjectConfigurationPlatforms) = postSolution
		{B47DA7D4-5482-4948-BD13-2D3E55B96E11}.Debug|Any CPU.ActiveCfg = Debug|Any CPU
		{B47DA7D4-5482-4948-BD13-2D3E55B96E11}.Debug|Any CPU.Build.0 = Debug|Any CPU
		{B47DA7D4-5482-4948-BD13-2D3E55B96E11}.Release|Any CPU.ActiveCfg = Release|Any CPU
		{B47DA7D4-5482-4948-BD13-2D3E55B96E11}.Release|Any CPU.Build.0 = Release|Any CPU
		{B510914B-A0AF-4C01-9699-C2F9B841FA17}.Debug|Any CPU.ActiveCfg = Debug|Any CPU
		{B510914B-A0AF-4C01-9699-C2F9B841FA17}.Debug|Any CPU.Build.0 = Debug|Any CPU
		{B510914B-A0AF-4C01-9699-C2F9B841FA17}.Release|Any CPU.ActiveCfg = Release|Any CPU
		{B510914B-A0AF-4C01-9699-C2F9B841FA17}.Release|Any CPU.Build.0 = Release|Any CPU
		{043228F5-70F6-447B-B486-3A02AA0F0FF2}.Debug|Any CPU.ActiveCfg = Debug|Any CPU
		{043228F5-70F6-447B-B486-3A02AA0F0FF2}.Debug|Any CPU.Build.0 = Debug|Any CPU
		{043228F5-70F6-447B-B486-3A02AA0F0FF2}.Release|Any CPU.ActiveCfg = Release|Any CPU
		{043228F5-70F6-447B-B486-3A02AA0F0FF2}.Release|Any CPU.Build.0 = Release|Any CPU
		{35E446C6-9F37-415D-9B06-ECA5186ACAFE}.Debug|Any CPU.ActiveCfg = Debug|Any CPU
		{35E446C6-9F37-415D-9B06-ECA5186ACAFE}.Debug|Any CPU.Build.0 = Debug|Any CPU
		{35E446C6-9F37-415D-9B06-ECA5186ACAFE}.Release|Any CPU.ActiveCfg = Release|Any CPU
		{35E446C6-9F37-415D-9B06-ECA5186ACAFE}.Release|Any CPU.Build.0 = Release|Any CPU
		{705733E7-A1C8-4A65-9830-62100D302CE3}.Debug|Any CPU.ActiveCfg = Debug|Any CPU
		{705733E7-A1C8-4A65-9830-62100D302CE3}.Debug|Any CPU.Build.0 = Debug|Any CPU
		{705733E7-A1C8-4A65-9830-62100D302CE3}.Release|Any CPU.ActiveCfg = Release|Any CPU
		{705733E7-A1C8-4A65-9830-62100D302CE3}.Release|Any CPU.Build.0 = Release|Any CPU
		{AC0369F3-65E7-4010-B9F6-261574D204F2}.Debug|Any CPU.ActiveCfg = Debug|Any CPU
		{AC0369F3-65E7-4010-B9F6-261574D204F2}.Debug|Any CPU.Build.0 = Debug|Any CPU
		{AC0369F3-65E7-4010-B9F6-261574D204F2}.Release|Any CPU.ActiveCfg = Release|Any CPU
		{AC0369F3-65E7-4010-B9F6-261574D204F2}.Release|Any CPU.Build.0 = Release|Any CPU
		{1ECF9E1F-B59F-43E4-B02B-3F6514445C9A}.Debug|Any CPU.ActiveCfg = Debug|Any CPU
		{1ECF9E1F-B59F-43E4-B02B-3F6514445C9A}.Debug|Any CPU.Build.0 = Debug|Any CPU
		{1ECF9E1F-B59F-43E4-B02B-3F6514445C9A}.Release|Any CPU.ActiveCfg = Release|Any CPU
		{1ECF9E1F-B59F-43E4-B02B-3F6514445C9A}.Release|Any CPU.Build.0 = Release|Any CPU
		{738C74C2-D753-4AD5-83C9-494DB0DDC0F2}.Debug|Any CPU.ActiveCfg = Debug|Any CPU
		{738C74C2-D753-4AD5-83C9-494DB0DDC0F2}.Debug|Any CPU.Build.0 = Debug|Any CPU
		{738C74C2-D753-4AD5-83C9-494DB0DDC0F2}.Release|Any CPU.ActiveCfg = Release|Any CPU
		{738C74C2-D753-4AD5-83C9-494DB0DDC0F2}.Release|Any CPU.Build.0 = Release|Any CPU
		{1F1475C5-2EEF-4424-9E99-18568D05AB1B}.Debug|Any CPU.ActiveCfg = Debug|Any CPU
		{1F1475C5-2EEF-4424-9E99-18568D05AB1B}.Debug|Any CPU.Build.0 = Debug|Any CPU
		{1F1475C5-2EEF-4424-9E99-18568D05AB1B}.Release|Any CPU.ActiveCfg = Release|Any CPU
		{1F1475C5-2EEF-4424-9E99-18568D05AB1B}.Release|Any CPU.Build.0 = Release|Any CPU
		{3391E441-F7B8-4B48-8D78-6B0B533BFB27}.Debug|Any CPU.ActiveCfg = Debug|Any CPU
		{3391E441-F7B8-4B48-8D78-6B0B533BFB27}.Debug|Any CPU.Build.0 = Debug|Any CPU
		{3391E441-F7B8-4B48-8D78-6B0B533BFB27}.Release|Any CPU.ActiveCfg = Release|Any CPU
		{3391E441-F7B8-4B48-8D78-6B0B533BFB27}.Release|Any CPU.Build.0 = Release|Any CPU
	EndGlobalSection
	GlobalSection(SolutionProperties) = preSolution
		HideSolutionNode = FALSE
	EndGlobalSection
	GlobalSection(ExtensibilityGlobals) = postSolution
		SolutionGuid = {D103D940-275F-4243-914D-63AE3A31E7F7}
	EndGlobalSection
EndGlobal
