
Microsoft Visual Studio Solution File, Format Version 12.00
# Visual Studio Version 16
VisualStudioVersion = 16.0.31911.196
MinimumVisualStudioVersion = 10.0.40219.1
Project("{FAE04EC0-301F-11D3-BF4B-00C04F79EFBC}") = "01.AdvertisementMessage", "01.AdvertisementMessage\01.AdvertisementMessage.csproj", "{5D88F1BE-590E-4629-98F0-A3D05818B3B3}"
EndProject
Project("{FAE04EC0-301F-11D3-BF4B-00C04F79EFBC}") = "02.Articles", "02.Articles\02.Articles.csproj", "{9CF40F49-AD16-40F8-8D7F-008E8F8D06B5}"
EndProject
Project("{FAE04EC0-301F-11D3-BF4B-00C04F79EFBC}") = "03.Articles2.0", "03.Articles2.0\03.Articles2.0.csproj", "{0C41217A-9CB1-4D84-B2FF-DB4EEF66DDCE}"
EndProject
Project("{FAE04EC0-301F-11D3-BF4B-00C04F79EFBC}") = "04.Students", "04.Students\04.Students.csproj", "{1025F757-2C64-4AA0-9D4A-7CB5E317FC5A}"
EndProject
Project("{FAE04EC0-301F-11D3-BF4B-00C04F79EFBC}") = "05.TeamworkProjects", "05.TeamworkProjects\05.TeamworkProjects.csproj", "{B4D43984-9576-4E95-BED5-91F5AA7F624F}"
EndProject
Project("{FAE04EC0-301F-11D3-BF4B-00C04F79EFBC}") = "06.VehicleCatalogue", "06.VehicleCatalogue\06.VehicleCatalogue.csproj", "{33E554F6-0D7E-4051-842B-317D764A2089}"
EndProject
Project("{FAE04EC0-301F-11D3-BF4B-00C04F79EFBC}") = "07.OrderByAge", "07.OrderByAge\07.OrderByAge.csproj", "{C97C4A65-2546-4A06-8F5E-3F21455294E9}"
EndProject
Global
	GlobalSection(SolutionConfigurationPlatforms) = preSolution
		Debug|Any CPU = Debug|Any CPU
		Release|Any CPU = Release|Any CPU
	EndGlobalSection
	GlobalSection(ProjectConfigurationPlatforms) = postSolution
		{5D88F1BE-590E-4629-98F0-A3D05818B3B3}.Debug|Any CPU.ActiveCfg = Debug|Any CPU
		{5D88F1BE-590E-4629-98F0-A3D05818B3B3}.Debug|Any CPU.Build.0 = Debug|Any CPU
		{5D88F1BE-590E-4629-98F0-A3D05818B3B3}.Release|Any CPU.ActiveCfg = Release|Any CPU
		{5D88F1BE-590E-4629-98F0-A3D05818B3B3}.Release|Any CPU.Build.0 = Release|Any CPU
		{9CF40F49-AD16-40F8-8D7F-008E8F8D06B5}.Debug|Any CPU.ActiveCfg = Debug|Any CPU
		{9CF40F49-AD16-40F8-8D7F-008E8F8D06B5}.Debug|Any CPU.Build.0 = Debug|Any CPU
		{9CF40F49-AD16-40F8-8D7F-008E8F8D06B5}.Release|Any CPU.ActiveCfg = Release|Any CPU
		{9CF40F49-AD16-40F8-8D7F-008E8F8D06B5}.Release|Any CPU.Build.0 = Release|Any CPU
		{0C41217A-9CB1-4D84-B2FF-DB4EEF66DDCE}.Debug|Any CPU.ActiveCfg = Debug|Any CPU
		{0C41217A-9CB1-4D84-B2FF-DB4EEF66DDCE}.Debug|Any CPU.Build.0 = Debug|Any CPU
		{0C41217A-9CB1-4D84-B2FF-DB4EEF66DDCE}.Release|Any CPU.ActiveCfg = Release|Any CPU
		{0C41217A-9CB1-4D84-B2FF-DB4EEF66DDCE}.Release|Any CPU.Build.0 = Release|Any CPU
		{1025F757-2C64-4AA0-9D4A-7CB5E317FC5A}.Debug|Any CPU.ActiveCfg = Debug|Any CPU
		{1025F757-2C64-4AA0-9D4A-7CB5E317FC5A}.Debug|Any CPU.Build.0 = Debug|Any CPU
		{1025F757-2C64-4AA0-9D4A-7CB5E317FC5A}.Release|Any CPU.ActiveCfg = Release|Any CPU
		{1025F757-2C64-4AA0-9D4A-7CB5E317FC5A}.Release|Any CPU.Build.0 = Release|Any CPU
		{B4D43984-9576-4E95-BED5-91F5AA7F624F}.Debug|Any CPU.ActiveCfg = Debug|Any CPU
		{B4D43984-9576-4E95-BED5-91F5AA7F624F}.Debug|Any CPU.Build.0 = Debug|Any CPU
		{B4D43984-9576-4E95-BED5-91F5AA7F624F}.Release|Any CPU.ActiveCfg = Release|Any CPU
		{B4D43984-9576-4E95-BED5-91F5AA7F624F}.Release|Any CPU.Build.0 = Release|Any CPU
		{33E554F6-0D7E-4051-842B-317D764A2089}.Debug|Any CPU.ActiveCfg = Debug|Any CPU
		{33E554F6-0D7E-4051-842B-317D764A2089}.Debug|Any CPU.Build.0 = Debug|Any CPU
		{33E554F6-0D7E-4051-842B-317D764A2089}.Release|Any CPU.ActiveCfg = Release|Any CPU
		{33E554F6-0D7E-4051-842B-317D764A2089}.Release|Any CPU.Build.0 = Release|Any CPU
		{C97C4A65-2546-4A06-8F5E-3F21455294E9}.Debug|Any CPU.ActiveCfg = Debug|Any CPU
		{C97C4A65-2546-4A06-8F5E-3F21455294E9}.Debug|Any CPU.Build.0 = Debug|Any CPU
		{C97C4A65-2546-4A06-8F5E-3F21455294E9}.Release|Any CPU.ActiveCfg = Release|Any CPU
		{C97C4A65-2546-4A06-8F5E-3F21455294E9}.Release|Any CPU.Build.0 = Release|Any CPU
	EndGlobalSection
	GlobalSection(SolutionProperties) = preSolution
		HideSolutionNode = FALSE
	EndGlobalSection
	GlobalSection(ExtensibilityGlobals) = postSolution
		SolutionGuid = {33560C6C-0171-44C1-A8B1-9C1E16C1E841}
	EndGlobalSection
EndGlobal
