
Microsoft Visual Studio Solution File, Format Version 12.00
# Visual Studio Version 16
VisualStudioVersion = 16.0.31911.196
MinimumVisualStudioVersion = 10.0.40219.1
Project("{FAE04EC0-301F-11D3-BF4B-00C04F79EFBC}") = "01. ReverseStrings", "01. ReverseStrings\01. ReverseStrings.csproj", "{DD770216-D46B-4C6E-B980-CBB30BB08395}"
EndProject
Project("{FAE04EC0-301F-11D3-BF4B-00C04F79EFBC}") = "02.RepeatStrings", "02.RepeatStrings\02.RepeatStrings.csproj", "{8363E0D6-A651-43D3-801E-2D71856ABFF0}"
EndProject
Project("{FAE04EC0-301F-11D3-BF4B-00C04F79EFBC}") = "03.Substring", "03.Substring\03.Substring.csproj", "{5BFB10C5-7B74-4A9C-9D62-906009566B81}"
EndProject
Project("{FAE04EC0-301F-11D3-BF4B-00C04F79EFBC}") = "04.TextFilter", "04.TextFilter\04.TextFilter.csproj", "{770127B0-5B5B-4270-AA1B-2E93CBB91631}"
EndProject
Project("{FAE04EC0-301F-11D3-BF4B-00C04F79EFBC}") = "05.Digits,LettersAndOther", "05.Digits,LettersAndOther\05.Digits,LettersAndOther.csproj", "{1CAEC01D-AF56-4975-A944-31FD164929DA}"
EndProject
Global
	GlobalSection(SolutionConfigurationPlatforms) = preSolution
		Debug|Any CPU = Debug|Any CPU
		Release|Any CPU = Release|Any CPU
	EndGlobalSection
	GlobalSection(ProjectConfigurationPlatforms) = postSolution
		{DD770216-D46B-4C6E-B980-CBB30BB08395}.Debug|Any CPU.ActiveCfg = Debug|Any CPU
		{DD770216-D46B-4C6E-B980-CBB30BB08395}.Debug|Any CPU.Build.0 = Debug|Any CPU
		{DD770216-D46B-4C6E-B980-CBB30BB08395}.Release|Any CPU.ActiveCfg = Release|Any CPU
		{DD770216-D46B-4C6E-B980-CBB30BB08395}.Release|Any CPU.Build.0 = Release|Any CPU
		{8363E0D6-A651-43D3-801E-2D71856ABFF0}.Debug|Any CPU.ActiveCfg = Debug|Any CPU
		{8363E0D6-A651-43D3-801E-2D71856ABFF0}.Debug|Any CPU.Build.0 = Debug|Any CPU
		{8363E0D6-A651-43D3-801E-2D71856ABFF0}.Release|Any CPU.ActiveCfg = Release|Any CPU
		{8363E0D6-A651-43D3-801E-2D71856ABFF0}.Release|Any CPU.Build.0 = Release|Any CPU
		{5BFB10C5-7B74-4A9C-9D62-906009566B81}.Debug|Any CPU.ActiveCfg = Debug|Any CPU
		{5BFB10C5-7B74-4A9C-9D62-906009566B81}.Debug|Any CPU.Build.0 = Debug|Any CPU
		{5BFB10C5-7B74-4A9C-9D62-906009566B81}.Release|Any CPU.ActiveCfg = Release|Any CPU
		{5BFB10C5-7B74-4A9C-9D62-906009566B81}.Release|Any CPU.Build.0 = Release|Any CPU
		{770127B0-5B5B-4270-AA1B-2E93CBB91631}.Debug|Any CPU.ActiveCfg = Debug|Any CPU
		{770127B0-5B5B-4270-AA1B-2E93CBB91631}.Debug|Any CPU.Build.0 = Debug|Any CPU
		{770127B0-5B5B-4270-AA1B-2E93CBB91631}.Release|Any CPU.ActiveCfg = Release|Any CPU
		{770127B0-5B5B-4270-AA1B-2E93CBB91631}.Release|Any CPU.Build.0 = Release|Any CPU
		{1CAEC01D-AF56-4975-A944-31FD164929DA}.Debug|Any CPU.ActiveCfg = Debug|Any CPU
		{1CAEC01D-AF56-4975-A944-31FD164929DA}.Debug|Any CPU.Build.0 = Debug|Any CPU
		{1CAEC01D-AF56-4975-A944-31FD164929DA}.Release|Any CPU.ActiveCfg = Release|Any CPU
		{1CAEC01D-AF56-4975-A944-31FD164929DA}.Release|Any CPU.Build.0 = Release|Any CPU
	EndGlobalSection
	GlobalSection(SolutionProperties) = preSolution
		HideSolutionNode = FALSE
	EndGlobalSection
	GlobalSection(ExtensibilityGlobals) = postSolution
		SolutionGuid = {795A2C06-A698-424A-9D55-64191CBCAAC3}
	EndGlobalSection
EndGlobal
