
Microsoft Visual Studio Solution File, Format Version 12.00
# Visual Studio Version 16
VisualStudioVersion = 16.0.31911.196
MinimumVisualStudioVersion = 10.0.40219.1
Project("{FAE04EC0-301F-11D3-BF4B-00C04F79EFBC}") = "01.RandomizeWords", "01.RandomizeWords\01.RandomizeWords.csproj", "{346E8D82-D035-4F24-AF00-0A71DA85658D}"
EndProject
Project("{FAE04EC0-301F-11D3-BF4B-00C04F79EFBC}") = "02.BigFactorial", "02.BigFactorial\02.BigFactorial.csproj", "{C529A423-D533-4904-8E5C-FBAF15EDEDC2}"
EndProject
Project("{FAE04EC0-301F-11D3-BF4B-00C04F79EFBC}") = "03. Songs", "03. Songs\03. Songs.csproj", "{ED84CC12-FBF5-4C0D-AE04-ED7FDD440F5B}"
EndProject
Project("{FAE04EC0-301F-11D3-BF4B-00C04F79EFBC}") = "04.Students", "04.Students\04.Students.csproj", "{2D782AAC-7258-43B0-B402-C4FF0D8CB597}"
EndProject
Project("{FAE04EC0-301F-11D3-BF4B-00C04F79EFBC}") = "05.Students 2.0", "05. Students 2.0\05.Students 2.0.csproj", "{406CFA27-0C2B-4F9A-85D7-4A4B111FF992}"
EndProject
Project("{FAE04EC0-301F-11D3-BF4B-00C04F79EFBC}") = "06.StoreBoxes", "06.StoreBoxes\06.StoreBoxes.csproj", "{897CB09D-5A44-4E70-895F-05AD78282246}"
EndProject
Project("{FAE04EC0-301F-11D3-BF4B-00C04F79EFBC}") = "07.VehicleCatalogue", "07.VehicleCatalogue\07.VehicleCatalogue.csproj", "{C67482B1-D0AE-4CA3-8BF2-4B995677A8A7}"
EndProject
Global
	GlobalSection(SolutionConfigurationPlatforms) = preSolution
		Debug|Any CPU = Debug|Any CPU
		Release|Any CPU = Release|Any CPU
	EndGlobalSection
	GlobalSection(ProjectConfigurationPlatforms) = postSolution
		{346E8D82-D035-4F24-AF00-0A71DA85658D}.Debug|Any CPU.ActiveCfg = Debug|Any CPU
		{346E8D82-D035-4F24-AF00-0A71DA85658D}.Debug|Any CPU.Build.0 = Debug|Any CPU
		{346E8D82-D035-4F24-AF00-0A71DA85658D}.Release|Any CPU.ActiveCfg = Release|Any CPU
		{346E8D82-D035-4F24-AF00-0A71DA85658D}.Release|Any CPU.Build.0 = Release|Any CPU
		{C529A423-D533-4904-8E5C-FBAF15EDEDC2}.Debug|Any CPU.ActiveCfg = Debug|Any CPU
		{C529A423-D533-4904-8E5C-FBAF15EDEDC2}.Debug|Any CPU.Build.0 = Debug|Any CPU
		{C529A423-D533-4904-8E5C-FBAF15EDEDC2}.Release|Any CPU.ActiveCfg = Release|Any CPU
		{C529A423-D533-4904-8E5C-FBAF15EDEDC2}.Release|Any CPU.Build.0 = Release|Any CPU
		{ED84CC12-FBF5-4C0D-AE04-ED7FDD440F5B}.Debug|Any CPU.ActiveCfg = Debug|Any CPU
		{ED84CC12-FBF5-4C0D-AE04-ED7FDD440F5B}.Debug|Any CPU.Build.0 = Debug|Any CPU
		{ED84CC12-FBF5-4C0D-AE04-ED7FDD440F5B}.Release|Any CPU.ActiveCfg = Release|Any CPU
		{ED84CC12-FBF5-4C0D-AE04-ED7FDD440F5B}.Release|Any CPU.Build.0 = Release|Any CPU
		{2D782AAC-7258-43B0-B402-C4FF0D8CB597}.Debug|Any CPU.ActiveCfg = Debug|Any CPU
		{2D782AAC-7258-43B0-B402-C4FF0D8CB597}.Debug|Any CPU.Build.0 = Debug|Any CPU
		{2D782AAC-7258-43B0-B402-C4FF0D8CB597}.Release|Any CPU.ActiveCfg = Release|Any CPU
		{2D782AAC-7258-43B0-B402-C4FF0D8CB597}.Release|Any CPU.Build.0 = Release|Any CPU
		{406CFA27-0C2B-4F9A-85D7-4A4B111FF992}.Debug|Any CPU.ActiveCfg = Debug|Any CPU
		{406CFA27-0C2B-4F9A-85D7-4A4B111FF992}.Debug|Any CPU.Build.0 = Debug|Any CPU
		{406CFA27-0C2B-4F9A-85D7-4A4B111FF992}.Release|Any CPU.ActiveCfg = Release|Any CPU
		{406CFA27-0C2B-4F9A-85D7-4A4B111FF992}.Release|Any CPU.Build.0 = Release|Any CPU
		{897CB09D-5A44-4E70-895F-05AD78282246}.Debug|Any CPU.ActiveCfg = Debug|Any CPU
		{897CB09D-5A44-4E70-895F-05AD78282246}.Debug|Any CPU.Build.0 = Debug|Any CPU
		{897CB09D-5A44-4E70-895F-05AD78282246}.Release|Any CPU.ActiveCfg = Release|Any CPU
		{897CB09D-5A44-4E70-895F-05AD78282246}.Release|Any CPU.Build.0 = Release|Any CPU
		{C67482B1-D0AE-4CA3-8BF2-4B995677A8A7}.Debug|Any CPU.ActiveCfg = Debug|Any CPU
		{C67482B1-D0AE-4CA3-8BF2-4B995677A8A7}.Debug|Any CPU.Build.0 = Debug|Any CPU
		{C67482B1-D0AE-4CA3-8BF2-4B995677A8A7}.Release|Any CPU.ActiveCfg = Release|Any CPU
		{C67482B1-D0AE-4CA3-8BF2-4B995677A8A7}.Release|Any CPU.Build.0 = Release|Any CPU
	EndGlobalSection
	GlobalSection(SolutionProperties) = preSolution
		HideSolutionNode = FALSE
	EndGlobalSection
	GlobalSection(ExtensibilityGlobals) = postSolution
		SolutionGuid = {16F110B2-AA8E-4884-BB74-C54194FF794F}
	EndGlobalSection
EndGlobal
